
Microsoft Visual Studio Solution File, Format Version 12.00
# Visual Studio Version 17
VisualStudioVersion = 17.3.32825.248
MinimumVisualStudioVersion = 10.0.40219.1
Project("{FAE04EC0-301F-11D3-BF4B-00C04F79EFBC}") = "CalcRoom2", "CalcRoom2\CalcRoom2.csproj", "{D054832B-B6B3-4402-B333-E69873CC3C52}"
EndProject
Global
	GlobalSection(SolutionConfigurationPlatforms) = preSolution
		Debug|Any CPU = Debug|Any CPU
		Release|Any CPU = Release|Any CPU
	EndGlobalSection
	GlobalSection(ProjectConfigurationPlatforms) = postSolution
		{D054832B-B6B3-4402-B333-E69873CC3C52}.Debug|Any CPU.ActiveCfg = Debug|Any CPU
		{D054832B-B6B3-4402-B333-E69873CC3C52}.Debug|Any CPU.Build.0 = Debug|Any CPU
		{D054832B-B6B3-4402-B333-E69873CC3C52}.Release|Any CPU.ActiveCfg = Release|Any CPU
		{D054832B-B6B3-4402-B333-E69873CC3C52}.Release|Any CPU.Build.0 = Release|Any CPU
	EndGlobalSection
	GlobalSection(SolutionProperties) = preSolution
		HideSolutionNode = FALSE
	EndGlobalSection
	GlobalSection(ExtensibilityGlobals) = postSolution
		SolutionGuid = {A426F552-743E-4DE6-87A8-C0D2292BC716}
	EndGlobalSection
EndGlobal
